// !$*UTF8*$!
{
	archiveVersion = 1;
	classes = {
	};
	objectVersion = 50;
	objects = {

/* Begin PBXBuildFile section */
		F3CF9E1025E2D693009A3012 /* AppDelegate.m in Sources */ = {isa = PBXBuildFile; fileRef = F3CF9E0F25E2D693009A3012 /* AppDelegate.m */; };
		F3CF9E1325E2D693009A3012 /* SceneDelegate.m in Sources */ = {isa = PBXBuildFile; fileRef = F3CF9E1225E2D693009A3012 /* SceneDelegate.m */; };
		F3CF9E1625E2D693009A3012 /* ViewController.m in Sources */ = {isa = PBXBuildFile; fileRef = F3CF9E1525E2D693009A3012 /* ViewController.m */; };
		F3CF9E1925E2D693009A3012 /* Main.storyboard in Resources */ = {isa = PBXBuildFile; fileRef = F3CF9E1725E2D693009A3012 /* Main.storyboard */; };
		F3CF9E1B25E2D694009A3012 /* Assets.xcassets in Resources */ = {isa = PBXBuildFile; fileRef = F3CF9E1A25E2D694009A3012 /* Assets.xcassets */; };
		F3CF9E1E25E2D694009A3012 /* LaunchScreen.storyboard in Resources */ = {isa = PBXBuildFile; fileRef = F3CF9E1C25E2D694009A3012 /* LaunchScreen.storyboard */; };
		F3CF9E2125E2D694009A3012 /* main.m in Sources */ = {isa = PBXBuildFile; fileRef = F3CF9E2025E2D694009A3012 /* main.m */; };
		F3CF9E2B25E2D694009A3012 /* Project1Tests.m in Sources */ = {isa = PBXBuildFile; fileRef = F3CF9E2A25E2D694009A3012 /* Project1Tests.m */; };
		F3CF9E3625E2D694009A3012 /* Project1UITests.m in Sources */ = {isa = PBXBuildFile; fileRef = F3CF9E3525E2D694009A3012 /* Project1UITests.m */; };
		F3CF9E4825E2D6B3009A3012 /* Hater.m in Sources */ = {isa = PBXBuildFile; fileRef = F3CF9E4725E2D6B3009A3012 /* Hater.m */; };
/* End PBXBuildFile section */

/* Begin PBXContainerItemProxy section */
		F3CF9E2725E2D694009A3012 /* PBXContainerItemProxy */ = {
			isa = PBXContainerItemProxy;
			containerPortal = F3CF9E0325E2D693009A3012 /* Project object */;
			proxyType = 1;
			remoteGlobalIDString = F3CF9E0A25E2D693009A3012;
			remoteInfo = Project1;
		};
		F3CF9E3225E2D694009A3012 /* PBXContainerItemProxy */ = {
			isa = PBXContainerItemProxy;
			containerPortal = F3CF9E0325E2D693009A3012 /* Project object */;
			proxyType = 1;
			remoteGlobalIDString = F3CF9E0A25E2D693009A3012;
			remoteInfo = Project1;
		};
/* End PBXContainerItemProxy section */

/* Begin PBXFileReference section */
		F3CF9E0B25E2D693009A3012 /* Project1.app */ = {isa = PBXFileReference; explicitFileType = wrapper.application; includeInIndex = 0; path = Project1.app; sourceTree = BUILT_PRODUCTS_DIR; };
		F3CF9E0E25E2D693009A3012 /* AppDelegate.h */ = {isa = PBXFileReference; lastKnownFileType = sourcecode.c.h; path = AppDelegate.h; sourceTree = "<group>"; };
		F3CF9E0F25E2D693009A3012 /* AppDelegate.m */ = {isa = PBXFileReference; lastKnownFileType = sourcecode.c.objc; path = AppDelegate.m; sourceTree = "<group>"; };
		F3CF9E1125E2D693009A3012 /* SceneDelegate.h */ = {isa = PBXFileReference; lastKnownFileType = sourcecode.c.h; path = SceneDelegate.h; sourceTree = "<group>"; };
		F3CF9E1225E2D693009A3012 /* SceneDelegate.m */ = {isa = PBXFileReference; lastKnownFileType = sourcecode.c.objc; path = SceneDelegate.m; sourceTree = "<group>"; };
		F3CF9E1425E2D693009A3012 /* ViewController.h */ = {isa = PBXFileReference; lastKnownFileType = sourcecode.c.h; path = ViewController.h; sourceTree = "<group>"; };
		F3CF9E1525E2D693009A3012 /* ViewController.m */ = {isa = PBXFileReference; lastKnownFileType = sourcecode.c.objc; path = ViewController.m; sourceTree = "<group>"; };
		F3CF9E1825E2D693009A3012 /* Base */ = {isa = PBXFileReference; lastKnownFileType = file.storyboard; name = Base; path = Base.lproj/Main.storyboard; sourceTree = "<group>"; };
		F3CF9E1A25E2D694009A3012 /* Assets.xcassets */ = {isa = PBXFileReference; lastKnownFileType = folder.assetcatalog; path = Assets.xcassets; sourceTree = "<group>"; };
		F3CF9E1D25E2D694009A3012 /* Base */ = {isa = PBXFileReference; lastKnownFileType = file.storyboard; name = Base; path = Base.lproj/LaunchScreen.storyboard; sourceTree = "<group>"; };
		F3CF9E1F25E2D694009A3012 /* Info.plist */ = {isa = PBXFileReference; lastKnownFileType = text.plist.xml; path = Info.plist; sourceTree = "<group>"; };
		F3CF9E2025E2D694009A3012 /* main.m */ = {isa = PBXFileReference; lastKnownFileType = sourcecode.c.objc; path = main.m; sourceTree = "<group>"; };
		F3CF9E2625E2D694009A3012 /* Project1Tests.xctest */ = {isa = PBXFileReference; explicitFileType = wrapper.cfbundle; includeInIndex = 0; path = Project1Tests.xctest; sourceTree = BUILT_PRODUCTS_DIR; };
		F3CF9E2A25E2D694009A3012 /* Project1Tests.m */ = {isa = PBXFileReference; lastKnownFileType = sourcecode.c.objc; path = Project1Tests.m; sourceTree = "<group>"; };
		F3CF9E2C25E2D694009A3012 /* Info.plist */ = {isa = PBXFileReference; lastKnownFileType = text.plist.xml; path = Info.plist; sourceTree = "<group>"; };
		F3CF9E3125E2D694009A3012 /* Project1UITests.xctest */ = {isa = PBXFileReference; explicitFileType = wrapper.cfbundle; includeInIndex = 0; path = Project1UITests.xctest; sourceTree = BUILT_PRODUCTS_DIR; };
		F3CF9E3525E2D694009A3012 /* Project1UITests.m */ = {isa = PBXFileReference; lastKnownFileType = sourcecode.c.objc; path = Project1UITests.m; sourceTree = "<group>"; };
		F3CF9E3725E2D694009A3012 /* Info.plist */ = {isa = PBXFileReference; lastKnownFileType = text.plist.xml; path = Info.plist; sourceTree = "<group>"; };
		F3CF9E4625E2D6B3009A3012 /* Hater.h */ = {isa = PBXFileReference; lastKnownFileType = sourcecode.c.h; path = Hater.h; sourceTree = "<group>"; };
		F3CF9E4725E2D6B3009A3012 /* Hater.m */ = {isa = PBXFileReference; lastKnownFileType = sourcecode.c.objc; path = Hater.m; sourceTree = "<group>"; };
/* End PBXFileReference section */

/* Begin PBXFrameworksBuildPhase section */
		F3CF9E0825E2D693009A3012 /* Frameworks */ = {
			isa = PBXFrameworksBuildPhase;
			buildActionMask = 2147483647;
			files = (
			);
			runOnlyForDeploymentPostprocessing = 0;
		};
		F3CF9E2325E2D694009A3012 /* Frameworks */ = {
			isa = PBXFrameworksBuildPhase;
			buildActionMask = 2147483647;
			files = (
			);
			runOnlyForDeploymentPostprocessing = 0;
		};
		F3CF9E2E25E2D694009A3012 /* Frameworks */ = {
			isa = PBXFrameworksBuildPhase;
			buildActionMask = 2147483647;
			files = (
			);
			runOnlyForDeploymentPostprocessing = 0;
		};
/* End PBXFrameworksBuildPhase section */

/* Begin PBXGroup section */
		F3CF9E0225E2D693009A3012 = {
			isa = PBXGroup;
			children = (
				F3CF9E0D25E2D693009A3012 /* Project1 */,
				F3CF9E2925E2D694009A3012 /* Project1Tests */,
				F3CF9E3425E2D694009A3012 /* Project1UITests */,
				F3CF9E0C25E2D693009A3012 /* Products */,
			);
			sourceTree = "<group>";
		};
		F3CF9E0C25E2D693009A3012 /* Products */ = {
			isa = PBXGroup;
			children = (
				F3CF9E0B25E2D693009A3012 /* Project1.app */,
				F3CF9E2625E2D694009A3012 /* Project1Tests.xctest */,
				F3CF9E3125E2D694009A3012 /* Project1UITests.xctest */,
			);
			name = Products;
			sourceTree = "<group>";
		};
		F3CF9E0D25E2D693009A3012 /* Project1 */ = {
			isa = PBXGroup;
			children = (
				F3CF9E0E25E2D693009A3012 /* AppDelegate.h */,
				F3CF9E0F25E2D693009A3012 /* AppDelegate.m */,
				F3CF9E1125E2D693009A3012 /* SceneDelegate.h */,
				F3CF9E1225E2D693009A3012 /* SceneDelegate.m */,
				F3CF9E1425E2D693009A3012 /* ViewController.h */,
				F3CF9E1525E2D693009A3012 /* ViewController.m */,
				F3CF9E1725E2D693009A3012 /* Main.storyboard */,
				F3CF9E1A25E2D694009A3012 /* Assets.xcassets */,
				F3CF9E1C25E2D694009A3012 /* LaunchScreen.storyboard */,
				F3CF9E1F25E2D694009A3012 /* Info.plist */,
				F3CF9E2025E2D694009A3012 /* main.m */,
				F3CF9E4625E2D6B3009A3012 /* Hater.h */,
				F3CF9E4725E2D6B3009A3012 /* Hater.m */,
			);
			path = Project1;
			sourceTree = "<group>";
		};
		F3CF9E2925E2D694009A3012 /* Project1Tests */ = {
			isa = PBXGroup;
			children = (
				F3CF9E2A25E2D694009A3012 /* Project1Tests.m */,
				F3CF9E2C25E2D694009A3012 /* Info.plist */,
			);
			path = Project1Tests;
			sourceTree = "<group>";
		};
		F3CF9E3425E2D694009A3012 /* Project1UITests */ = {
			isa = PBXGroup;
			children = (
				F3CF9E3525E2D694009A3012 /* Project1UITests.m */,
				F3CF9E3725E2D694009A3012 /* Info.plist */,
			);
			path = Project1UITests;
			sourceTree = "<group>";
		};
/* End PBXGroup section */

/* Begin PBXNativeTarget section */
		F3CF9E0A25E2D693009A3012 /* Project1 */ = {
			isa = PBXNativeTarget;
			buildConfigurationList = F3CF9E3A25E2D694009A3012 /* Build configuration list for PBXNativeTarget "Project1" */;
			buildPhases = (
				F3CF9E0725E2D693009A3012 /* Sources */,
				F3CF9E0825E2D693009A3012 /* Frameworks */,
				F3CF9E0925E2D693009A3012 /* Resources */,
			);
			buildRules = (
			);
			dependencies = (
			);
			name = Project1;
			productName = Project1;
			productReference = F3CF9E0B25E2D693009A3012 /* Project1.app */;
			productType = "com.apple.product-type.application";
		};
		F3CF9E2525E2D694009A3012 /* Project1Tests */ = {
			isa = PBXNativeTarget;
			buildConfigurationList = F3CF9E3D25E2D694009A3012 /* Build configuration list for PBXNativeTarget "Project1Tests" */;
			buildPhases = (
				F3CF9E2225E2D694009A3012 /* Sources */,
				F3CF9E2325E2D694009A3012 /* Frameworks */,
				F3CF9E2425E2D694009A3012 /* Resources */,
			);
			buildRules = (
			);
			dependencies = (
				F3CF9E2825E2D694009A3012 /* PBXTargetDependency */,
			);
			name = Project1Tests;
			productName = Project1Tests;
			productReference = F3CF9E2625E2D694009A3012 /* Project1Tests.xctest */;
			productType = "com.apple.product-type.bundle.unit-test";
		};
		F3CF9E3025E2D694009A3012 /* Project1UITests */ = {
			isa = PBXNativeTarget;
			buildConfigurationList = F3CF9E4025E2D694009A3012 /* Build configuration list for PBXNativeTarget "Project1UITests" */;
			buildPhases = (
				F3CF9E2D25E2D694009A3012 /* Sources */,
				F3CF9E2E25E2D694009A3012 /* Frameworks */,
				F3CF9E2F25E2D694009A3012 /* Resources */,
			);
			buildRules = (
			);
			dependencies = (
				F3CF9E3325E2D694009A3012 /* PBXTargetDependency */,
			);
			name = Project1UITests;
			productName = Project1UITests;
			productReference = F3CF9E3125E2D694009A3012 /* Project1UITests.xctest */;
			productType = "com.apple.product-type.bundle.ui-testing";
		};
/* End PBXNativeTarget section */

/* Begin PBXProject section */
		F3CF9E0325E2D693009A3012 /* Project object */ = {
			isa = PBXProject;
			attributes = {
				LastUpgradeCheck = 1240;
				TargetAttributes = {
					F3CF9E0A25E2D693009A3012 = {
						CreatedOnToolsVersion = 12.4;
					};
					F3CF9E2525E2D694009A3012 = {
						CreatedOnToolsVersion = 12.4;
						TestTargetID = F3CF9E0A25E2D693009A3012;
					};
					F3CF9E3025E2D694009A3012 = {
						CreatedOnToolsVersion = 12.4;
						TestTargetID = F3CF9E0A25E2D693009A3012;
					};
				};
			};
			buildConfigurationList = F3CF9E0625E2D693009A3012 /* Build configuration list for PBXProject "Project1" */;
			compatibilityVersion = "Xcode 9.3";
			developmentRegion = en;
			hasScannedForEncodings = 0;
			knownRegions = (
				en,
				Base,
			);
			mainGroup = F3CF9E0225E2D693009A3012;
			productRefGroup = F3CF9E0C25E2D693009A3012 /* Products */;
			projectDirPath = "";
			projectRoot = "";
			targets = (
				F3CF9E0A25E2D693009A3012 /* Project1 */,
				F3CF9E2525E2D694009A3012 /* Project1Tests */,
				F3CF9E3025E2D694009A3012 /* Project1UITests */,
			);
		};
/* End PBXProject section */

/* Begin PBXResourcesBuildPhase section */
		F3CF9E0925E2D693009A3012 /* Resources */ = {
			isa = PBXResourcesBuildPhase;
			buildActionMask = 2147483647;
			files = (
				F3CF9E1E25E2D694009A3012 /* LaunchScreen.storyboard in Resources */,
				F3CF9E1B25E2D694009A3012 /* Assets.xcassets in Resources */,
				F3CF9E1925E2D693009A3012 /* Main.storyboard in Resources */,
			);
			runOnlyForDeploymentPostprocessing = 0;
		};
		F3CF9E2425E2D694009A3012 /* Resources */ = {
			isa = PBXResourcesBuildPhase;
			buildActionMask = 2147483647;
			files = (
			);
			runOnlyForDeploymentPostprocessing = 0;
		};
		F3CF9E2F25E2D694009A3012 /* Resources */ = {
			isa = PBXResourcesBuildPhase;
			buildActionMask = 2147483647;
			files = (
			);
			runOnlyForDeploymentPostprocessing = 0;
		};
/* End PBXResourcesBuildPhase section */

/* Begin PBXSourcesBuildPhase section */
		F3CF9E0725E2D693009A3012 /* Sources */ = {
			isa = PBXSourcesBuildPhase;
			buildActionMask = 2147483647;
			files = (
				F3CF9E1625E2D693009A3012 /* ViewController.m in Sources */,
				F3CF9E1025E2D693009A3012 /* AppDelegate.m in Sources */,
				F3CF9E4825E2D6B3009A3012 /* Hater.m in Sources */,
				F3CF9E2125E2D694009A3012 /* main.m in Sources */,
				F3CF9E1325E2D693009A3012 /* SceneDelegate.m in Sources */,
			);
			runOnlyForDeploymentPostprocessing = 0;
		};
		F3CF9E2225E2D694009A3012 /* Sources */ = {
			isa = PBXSourcesBuildPhase;
			buildActionMask = 2147483647;
			files = (
				F3CF9E2B25E2D694009A3012 /* Project1Tests.m in Sources */,
			);
			runOnlyForDeploymentPostprocessing = 0;
		};
		F3CF9E2D25E2D694009A3012 /* Sources */ = {
			isa = PBXSourcesBuildPhase;
			buildActionMask = 2147483647;
			files = (
				F3CF9E3625E2D694009A3012 /* Project1UITests.m in Sources */,
			);
			runOnlyForDeploymentPostprocessing = 0;
		};
/* End PBXSourcesBuildPhase section */

/* Begin PBXTargetDependency section */
		F3CF9E2825E2D694009A3012 /* PBXTargetDependency */ = {
			isa = PBXTargetDependency;
			target = F3CF9E0A25E2D693009A3012 /* Project1 */;
			targetProxy = F3CF9E2725E2D694009A3012 /* PBXContainerItemProxy */;
		};
		F3CF9E3325E2D694009A3012 /* PBXTargetDependency */ = {
			isa = PBXTargetDependency;
			target = F3CF9E0A25E2D693009A3012 /* Project1 */;
			targetProxy = F3CF9E3225E2D694009A3012 /* PBXContainerItemProxy */;
		};
/* End PBXTargetDependency section */

/* Begin PBXVariantGroup section */
		F3CF9E1725E2D693009A3012 /* Main.storyboard */ = {
			isa = PBXVariantGroup;
			children = (
				F3CF9E1825E2D693009A3012 /* Base */,
			);
			name = Main.storyboard;
			sourceTree = "<group>";
		};
		F3CF9E1C25E2D694009A3012 /* LaunchScreen.storyboard */ = {
			isa = PBXVariantGroup;
			children = (
				F3CF9E1D25E2D694009A3012 /* Base */,
			);
			name = LaunchScreen.storyboard;
			sourceTree = "<group>";
		};
/* End PBXVariantGroup section */

/* Begin XCBuildConfiguration section */
		F3CF9E3825E2D694009A3012 /* Debug */ = {
			isa = XCBuildConfiguration;
			buildSettings = {
				ALWAYS_SEARCH_USER_PATHS = NO;
				CLANG_ANALYZER_NONNULL = YES;
				CLANG_ANALYZER_NUMBER_OBJECT_CONVERSION = YES_AGGRESSIVE;
				CLANG_CXX_LANGUAGE_STANDARD = "gnu++14";
				CLANG_CXX_LIBRARY = "libc++";
				CLANG_ENABLE_MODULES = YES;
				CLANG_ENABLE_OBJC_ARC = YES;
				CLANG_ENABLE_OBJC_WEAK = YES;
				CLANG_WARN_BLOCK_CAPTURE_AUTORELEASING = YES;
				CLANG_WARN_BOOL_CONVERSION = YES;
				CLANG_WARN_COMMA = YES;
				CLANG_WARN_CONSTANT_CONVERSION = YES;
				CLANG_WARN_DEPRECATED_OBJC_IMPLEMENTATIONS = YES;
				CLANG_WARN_DIRECT_OBJC_ISA_USAGE = YES_ERROR;
				CLANG_WARN_DOCUMENTATION_COMMENTS = YES;
				CLANG_WARN_EMPTY_BODY = YES;
				CLANG_WARN_ENUM_CONVERSION = YES;
				CLANG_WARN_INFINITE_RECURSION = YES;
				CLANG_WARN_INT_CONVERSION = YES;
				CLANG_WARN_NON_LITERAL_NULL_CONVERSION = YES;
				CLANG_WARN_OBJC_IMPLICIT_RETAIN_SELF = YES;
				CLANG_WARN_OBJC_LITERAL_CONVERSION = YES;
				CLANG_WARN_OBJC_ROOT_CLASS = YES_ERROR;
				CLANG_WARN_QUOTED_INCLUDE_IN_FRAMEWORK_HEADER = YES;
				CLANG_WARN_RANGE_LOOP_ANALYSIS = YES;
				CLANG_WARN_STRICT_PROTOTYPES = YES;
				CLANG_WARN_SUSPICIOUS_MOVE = YES;
				CLANG_WARN_UNGUARDED_AVAILABILITY = YES_AGGRESSIVE;
				CLANG_WARN_UNREACHABLE_CODE = YES;
				CLANG_WARN__DUPLICATE_METHOD_MATCH = YES;
				COPY_PHASE_STRIP = NO;
				DEBUG_INFORMATION_FORMAT = dwarf;
				ENABLE_STRICT_OBJC_MSGSEND = YES;
				ENABLE_TESTABILITY = YES;
				GCC_C_LANGUAGE_STANDARD = gnu11;
				GCC_DYNAMIC_NO_PIC = NO;
				GCC_NO_COMMON_BLOCKS = YES;
				GCC_OPTIMIZATION_LEVEL = 0;
				GCC_PREPROCESSOR_DEFINITIONS = (
					"DEBUG=1",
					"$(inherited)",
				);
				GCC_WARN_64_TO_32_BIT_CONVERSION = YES;
				GCC_WARN_ABOUT_RETURN_TYPE = YES_ERROR;
				GCC_WARN_UNDECLARED_SELECTOR = YES;
				GCC_WARN_UNINITIALIZED_AUTOS = YES_AGGRESSIVE;
				GCC_WARN_UNUSED_FUNCTION = YES;
				GCC_WARN_UNUSED_VARIABLE = YES;
				IPHONEOS_DEPLOYMENT_TARGET = 14.4;
				MTL_ENABLE_DEBUG_INFO = INCLUDE_SOURCE;
				MTL_FAST_MATH = YES;
				ONLY_ACTIVE_ARCH = YES;
				SDKROOT = iphoneos;
			};
			name = Debug;
		};
		F3CF9E3925E2D694009A3012 /* Release */ = {
			isa = XCBuildConfiguration;
			buildSettings = {
				ALWAYS_SEARCH_USER_PATHS = NO;
				CLANG_ANALYZER_NONNULL = YES;
				CLANG_ANALYZER_NUMBER_OBJECT_CONVERSION = YES_AGGRESSIVE;
				CLANG_CXX_LANGUAGE_STANDARD = "gnu++14";
				CLANG_CXX_LIBRARY = "libc++";
				CLANG_ENABLE_MODULES = YES;
				CLANG_ENABLE_OBJC_ARC = YES;
				CLANG_ENABLE_OBJC_WEAK = YES;
				CLANG_WARN_BLOCK_CAPTURE_AUTORELEASING = YES;
				CLANG_WARN_BOOL_CONVERSION = YES;
				CLANG_WARN_COMMA = YES;
				CLANG_WARN_CONSTANT_CONVERSION = YES;
				CLANG_WARN_DEPRECATED_OBJC_IMPLEMENTATIONS = YES;
				CLANG_WARN_DIRECT_OBJC_ISA_USAGE = YES_ERROR;
				CLANG_WARN_DOCUMENTATION_COMMENTS = YES;
				CLANG_WARN_EMPTY_BODY = YES;
				CLANG_WARN_ENUM_CONVERSION = YES;
				CLANG_WARN_INFINITE_RECURSION = YES;
				CLANG_WARN_INT_CONVERSION = YES;
				CLANG_WARN_NON_LITERAL_NULL_CONVERSION = YES;
				CLANG_WARN_OBJC_IMPLICIT_RETAIN_SELF = YES;
				CLANG_WARN_OBJC_LITERAL_CONVERSION = YES;
				CLANG_WARN_OBJC_ROOT_CLASS = YES_ERROR;
				CLANG_WARN_QUOTED_INCLUDE_IN_FRAMEWORK_HEADER = YES;
				CLANG_WARN_RANGE_LOOP_ANALYSIS = YES;
				CLANG_WARN_STRICT_PROTOTYPES = YES;
				CLANG_WARN_SUSPICIOUS_MOVE = YES;
				CLANG_WARN_UNGUARDED_AVAILABILITY = YES_AGGRESSIVE;
				CLANG_WARN_UNREACHABLE_CODE = YES;
				CLANG_WARN__DUPLICATE_METHOD_MATCH = YES;
				COPY_PHASE_STRIP = NO;
				DEBUG_INFORMATION_FORMAT = "dwarf-with-dsym";
				ENABLE_NS_ASSERTIONS = NO;
				ENABLE_STRICT_OBJC_MSGSEND = YES;
				GCC_C_LANGUAGE_STANDARD = gnu11;
				GCC_NO_COMMON_BLOCKS = YES;
				GCC_WARN_64_TO_32_BIT_CONVERSION = YES;
				GCC_WARN_ABOUT_RETURN_TYPE = YES_ERROR;
				GCC_WARN_UNDECLARED_SELECTOR = YES;
				GCC_WARN_UNINITIALIZED_AUTOS = YES_AGGRESSIVE;
				GCC_WARN_UNUSED_FUNCTION = YES;
				GCC_WARN_UNUSED_VARIABLE = YES;
				IPHONEOS_DEPLOYMENT_TARGET = 14.4;
				MTL_ENABLE_DEBUG_INFO = NO;
				MTL_FAST_MATH = YES;
				SDKROOT = iphoneos;
				VALIDATE_PRODUCT = YES;
			};
			name = Release;
		};
		F3CF9E3B25E2D694009A3012 /* Debug */ = {
			isa = XCBuildConfiguration;
			buildSettings = {
				ASSETCATALOG_COMPILER_APPICON_NAME = AppIcon;
				ASSETCATALOG_COMPILER_GLOBAL_ACCENT_COLOR_NAME = AccentColor;
				CODE_SIGN_STYLE = Automatic;
				DEVELOPMENT_TEAM = 6Q9SP4M9H4;
				INFOPLIST_FILE = Project1/Info.plist;
				LD_RUNPATH_SEARCH_PATHS = (
					"$(inherited)",
					"@executable_path/Frameworks",
				);
				PRODUCT_BUNDLE_IDENTIFIER = com.pookjw.Project1;
				PRODUCT_NAME = "$(TARGET_NAME)";
				TARGETED_DEVICE_FAMILY = "1,2";
			};
			name = Debug;
		};
		F3CF9E3C25E2D694009A3012 /* Release */ = {
			isa = XCBuildConfiguration;
			buildSettings = {
				ASSETCATALOG_COMPILER_APPICON_NAME = AppIcon;
				ASSETCATALOG_COMPILER_GLOBAL_ACCENT_COLOR_NAME = AccentColor;
				CODE_SIGN_STYLE = Automatic;
				DEVELOPMENT_TEAM = 6Q9SP4M9H4;
				INFOPLIST_FILE = Project1/Info.plist;
				LD_RUNPATH_SEARCH_PATHS = (
					"$(inherited)",
					"@executable_path/Frameworks",
				);
				PRODUCT_BUNDLE_IDENTIFIER = com.pookjw.Project1;
				PRODUCT_NAME = "$(TARGET_NAME)";
				TARGETED_DEVICE_FAMILY = "1,2";
			};
			name = Release;
		};
		F3CF9E3E25E2D694009A3012 /* Debug */ = {
			isa = XCBuildConfiguration;
			buildSettings = {
				BUNDLE_LOADER = "$(TEST_HOST)";
				CODE_SIGN_STYLE = Automatic;
				DEVELOPMENT_TEAM = 6Q9SP4M9H4;
				INFOPLIST_FILE = Project1Tests/Info.plist;
				IPHONEOS_DEPLOYMENT_TARGET = 14.4;
				LD_RUNPATH_SEARCH_PATHS = (
					"$(inherited)",
					"@executable_path/Frameworks",
					"@loader_path/Frameworks",
				);
				PRODUCT_BUNDLE_IDENTIFIER = com.pookjw.Project1Tests;
				PRODUCT_NAME = "$(TARGET_NAME)";
				TARGETED_DEVICE_FAMILY = "1,2";
				TEST_HOST = "$(BUILT_PRODUCTS_DIR)/Project1.app/Project1";
			};
			name = Debug;
		};
		F3CF9E3F25E2D694009A3012 /* Release */ = {
			isa = XCBuildConfiguration;
			buildSettings = {
				BUNDLE_LOADER = "$(TEST_HOST)";
				CODE_SIGN_STYLE = Automatic;
				DEVELOPMENT_TEAM = 6Q9SP4M9H4;
				INFOPLIST_FILE = Project1Tests/Info.plist;
				IPHONEOS_DEPLOYMENT_TARGET = 14.4;
				LD_RUNPATH_SEARCH_PATHS = (
					"$(inherited)",
					"@executable_path/Frameworks",
					"@loader_path/Frameworks",
				);
				PRODUCT_BUNDLE_IDENTIFIER = com.pookjw.Project1Tests;
				PRODUCT_NAME = "$(TARGET_NAME)";
				TARGETED_DEVICE_FAMILY = "1,2";
				TEST_HOST = "$(BUILT_PRODUCTS_DIR)/Project1.app/Project1";
			};
			name = Release;
		};
		F3CF9E4125E2D694009A3012 /* Debug */ = {
			isa = XCBuildConfiguration;
			buildSettings = {
				CODE_SIGN_STYLE = Automatic;
				DEVELOPMENT_TEAM = 6Q9SP4M9H4;
				INFOPLIST_FILE = Project1UITests/Info.plist;
				LD_RUNPATH_SEARCH_PATHS = (
					"$(inherited)",
					"@executable_path/Frameworks",
					"@loader_path/Frameworks",
				);
				PRODUCT_BUNDLE_IDENTIFIER = com.pookjw.Project1UITests;
				PRODUCT_NAME = "$(TARGET_NAME)";
				TARGETED_DEVICE_FAMILY = "1,2";
				TEST_TARGET_NAME = Project1;
			};
			name = Debug;
		};
		F3CF9E4225E2D694009A3012 /* Release */ = {
			isa = XCBuildConfiguration;
			buildSettings = {
				CODE_SIGN_STYLE = Automatic;
				DEVELOPMENT_TEAM = 6Q9SP4M9H4;
				INFOPLIST_FILE = Project1UITests/Info.plist;
				LD_RUNPATH_SEARCH_PATHS = (
					"$(inherited)",
					"@executable_path/Frameworks",
					"@loader_path/Frameworks",
				);
				PRODUCT_BUNDLE_IDENTIFIER = com.pookjw.Project1UITests;
				PRODUCT_NAME = "$(TARGET_NAME)";
				TARGETED_DEVICE_FAMILY = "1,2";
				TEST_TARGET_NAME = Project1;
			};
			name = Release;
		};
/* End XCBuildConfiguration section */

/* Begin XCConfigurationList section */
		F3CF9E0625E2D693009A3012 /* Build configuration list for PBXProject "Project1" */ = {
			isa = XCConfigurationList;
			buildConfigurations = (
				F3CF9E3825E2D694009A3012 /* Debug */,
				F3CF9E3925E2D694009A3012 /* Release */,
			);
			defaultConfigurationIsVisible = 0;
			defaultConfigurationName = Release;
		};
		F3CF9E3A25E2D694009A3012 /* Build configuration list for PBXNativeTarget "Project1" */ = {
			isa = XCConfigurationList;
			buildConfigurations = (
				F3CF9E3B25E2D694009A3012 /* Debug */,
				F3CF9E3C25E2D694009A3012 /* Release */,
			);
			defaultConfigurationIsVisible = 0;
			defaultConfigurationName = Release;
		};
		F3CF9E3D25E2D694009A3012 /* Build configuration list for PBXNativeTarget "Project1Tests" */ = {
			isa = XCConfigurationList;
			buildConfigurations = (
				F3CF9E3E25E2D694009A3012 /* Debug */,
				F3CF9E3F25E2D694009A3012 /* Release */,
			);
			defaultConfigurationIsVisible = 0;
			defaultConfigurationName = Release;
		};
		F3CF9E4025E2D694009A3012 /* Build configuration list for PBXNativeTarget "Project1UITests" */ = {
			isa = XCConfigurationList;
			buildConfigurations = (
				F3CF9E4125E2D694009A3012 /* Debug */,
				F3CF9E4225E2D694009A3012 /* Release */,
			);
			defaultConfigurationIsVisible = 0;
			defaultConfigurationName = Release;
		};
/* End XCConfigurationList section */
	};
	rootObject = F3CF9E0325E2D693009A3012 /* Project object */;
}
